// !$*UTF8*$!
{
	archiveVersion = 1;
	classes = {
	};
	objectVersion = 55;
	objects = {

/* Begin PBXBuildFile section */
		3161F32C2808E9CD00770CD6 /* TrackItMommaApp.swift in Sources */ = {isa = PBXBuildFile; fileRef = 3161F32B2808E9CD00770CD6 /* TrackItMommaApp.swift */; };
		3161F32E2808E9CD00770CD6 /* ContentView.swift in Sources */ = {isa = PBXBuildFile; fileRef = 3161F32D2808E9CD00770CD6 /* ContentView.swift */; };
		3161F3302808E9CE00770CD6 /* Assets.xcassets in Resources */ = {isa = PBXBuildFile; fileRef = 3161F32F2808E9CE00770CD6 /* Assets.xcassets */; };
		3161F3332808E9CE00770CD6 /* Preview Assets.xcassets in Resources */ = {isa = PBXBuildFile; fileRef = 3161F3322808E9CE00770CD6 /* Preview Assets.xcassets */; };
		3161F33A2808EA9000770CD6 /* MenuView.swift in Sources */ = {isa = PBXBuildFile; fileRef = 3161F3392808EA9000770CD6 /* MenuView.swift */; };
		3161F33C2808F1F800770CD6 /* PumpView.swift in Sources */ = {isa = PBXBuildFile; fileRef = 3161F33B2808F1F800770CD6 /* PumpView.swift */; };
		3161F33F2808F2C300770CD6 /* PTimeView.swift in Sources */ = {isa = PBXBuildFile; fileRef = 3161F33E2808F2C300770CD6 /* PTimeView.swift */; };
		3161F3412808F3D400770CD6 /* PTimeRow.swift in Sources */ = {isa = PBXBuildFile; fileRef = 3161F3402808F3D400770CD6 /* PTimeRow.swift */; };
		3161F3432808F42400770CD6 /* MinutesPumpedSection.swift in Sources */ = {isa = PBXBuildFile; fileRef = 3161F3422808F42400770CD6 /* MinutesPumpedSection.swift */; };
		3161F3462808F47400770CD6 /* Realm in Frameworks */ = {isa = PBXBuildFile; productRef = 3161F3452808F47400770CD6 /* Realm */; };
		3161F3482808F47400770CD6 /* RealmSwift in Frameworks */ = {isa = PBXBuildFile; productRef = 3161F3472808F47400770CD6 /* RealmSwift */; };
		3161F34B2808F48F00770CD6 /* RealmManager.swift in Sources */ = {isa = PBXBuildFile; fileRef = 3161F34A2808F48F00770CD6 /* RealmManager.swift */; };
		3161F34D2808F4B400770CD6 /* Times.swift in Sources */ = {isa = PBXBuildFile; fileRef = 3161F34C2808F4B400770CD6 /* Times.swift */; };
/* End PBXBuildFile section */

/* Begin PBXFileReference section */
		3161F3282808E9CD00770CD6 /* TrackItMomma.app */ = {isa = PBXFileReference; explicitFileType = wrapper.application; includeInIndex = 0; path = TrackItMomma.app; sourceTree = BUILT_PRODUCTS_DIR; };
		3161F32B2808E9CD00770CD6 /* TrackItMommaApp.swift */ = {isa = PBXFileReference; lastKnownFileType = sourcecode.swift; path = TrackItMommaApp.swift; sourceTree = "<group>"; };
		3161F32D2808E9CD00770CD6 /* ContentView.swift */ = {isa = PBXFileReference; lastKnownFileType = sourcecode.swift; path = ContentView.swift; sourceTree = "<group>"; };
		3161F32F2808E9CE00770CD6 /* Assets.xcassets */ = {isa = PBXFileReference; lastKnownFileType = folder.assetcatalog; path = Assets.xcassets; sourceTree = "<group>"; };
		3161F3322808E9CE00770CD6 /* Preview Assets.xcassets */ = {isa = PBXFileReference; lastKnownFileType = folder.assetcatalog; path = "Preview Assets.xcassets"; sourceTree = "<group>"; };
		3161F3392808EA9000770CD6 /* MenuView.swift */ = {isa = PBXFileReference; lastKnownFileType = sourcecode.swift; path = MenuView.swift; sourceTree = "<group>"; };
		3161F33B2808F1F800770CD6 /* PumpView.swift */ = {isa = PBXFileReference; lastKnownFileType = sourcecode.swift; path = PumpView.swift; sourceTree = "<group>"; };
		3161F33E2808F2C300770CD6 /* PTimeView.swift */ = {isa = PBXFileReference; lastKnownFileType = sourcecode.swift; path = PTimeView.swift; sourceTree = "<group>"; };
		3161F3402808F3D400770CD6 /* PTimeRow.swift */ = {isa = PBXFileReference; lastKnownFileType = sourcecode.swift; path = PTimeRow.swift; sourceTree = "<group>"; };
		3161F3422808F42400770CD6 /* MinutesPumpedSection.swift */ = {isa = PBXFileReference; lastKnownFileType = sourcecode.swift; path = MinutesPumpedSection.swift; sourceTree = "<group>"; };
		3161F34A2808F48F00770CD6 /* RealmManager.swift */ = {isa = PBXFileReference; lastKnownFileType = sourcecode.swift; path = RealmManager.swift; sourceTree = "<group>"; };
		3161F34C2808F4B400770CD6 /* Times.swift */ = {isa = PBXFileReference; lastKnownFileType = sourcecode.swift; path = Times.swift; sourceTree = "<group>"; };
/* End PBXFileReference section */

/* Begin PBXFrameworksBuildPhase section */
		3161F3252808E9CD00770CD6 /* Frameworks */ = {
			isa = PBXFrameworksBuildPhase;
			buildActionMask = 2147483647;
			files = (
				3161F3482808F47400770CD6 /* RealmSwift in Frameworks */,
				3161F3462808F47400770CD6 /* Realm in Frameworks */,
			);
			runOnlyForDeploymentPostprocessing = 0;
		};
/* End PBXFrameworksBuildPhase section */

/* Begin PBXGroup section */
		3161F31F2808E9CD00770CD6 = {
			isa = PBXGroup;
			children = (
				3161F32A2808E9CD00770CD6 /* TrackItMomma */,
				3161F3292808E9CD00770CD6 /* Products */,
			);
			sourceTree = "<group>";
		};
		3161F3292808E9CD00770CD6 /* Products */ = {
			isa = PBXGroup;
			children = (
				3161F3282808E9CD00770CD6 /* TrackItMomma.app */,
			);
			name = Products;
			sourceTree = "<group>";
		};
		3161F32A2808E9CD00770CD6 /* TrackItMomma */ = {
			isa = PBXGroup;
			children = (
				3161F3492808F47F00770CD6 /* Managers */,
				3161F33D2808F28300770CD6 /* PumpFiles */,
				3161F3392808EA9000770CD6 /* MenuView.swift */,
				3161F32D2808E9CD00770CD6 /* ContentView.swift */,
				3161F32B2808E9CD00770CD6 /* TrackItMommaApp.swift */,
				3161F32F2808E9CE00770CD6 /* Assets.xcassets */,
				3161F3312808E9CE00770CD6 /* Preview Content */,
			);
			path = TrackItMomma;
			sourceTree = "<group>";
		};
		3161F3312808E9CE00770CD6 /* Preview Content */ = {
			isa = PBXGroup;
			children = (
				3161F3322808E9CE00770CD6 /* Preview Assets.xcassets */,
			);
			path = "Preview Content";
			sourceTree = "<group>";
		};
		3161F33D2808F28300770CD6 /* PumpFiles */ = {
			isa = PBXGroup;
			children = (
				3161F33B2808F1F800770CD6 /* PumpView.swift */,
				3161F33E2808F2C300770CD6 /* PTimeView.swift */,
				3161F3402808F3D400770CD6 /* PTimeRow.swift */,
				3161F3422808F42400770CD6 /* MinutesPumpedSection.swift */,
			);
			path = PumpFiles;
			sourceTree = "<group>";
		};
		3161F3492808F47F00770CD6 /* Managers */ = {
			isa = PBXGroup;
			children = (
				3161F34A2808F48F00770CD6 /* RealmManager.swift */,
				3161F34C2808F4B400770CD6 /* Times.swift */,
			);
			path = Managers;
			sourceTree = "<group>";
		};
/* End PBXGroup section */

/* Begin PBXNativeTarget section */
		3161F3272808E9CD00770CD6 /* TrackItMomma */ = {
			isa = PBXNativeTarget;
			buildConfigurationList = 3161F3362808E9CE00770CD6 /* Build configuration list for PBXNativeTarget "TrackItMomma" */;
			buildPhases = (
				3161F3242808E9CD00770CD6 /* Sources */,
				3161F3252808E9CD00770CD6 /* Frameworks */,
				3161F3262808E9CD00770CD6 /* Resources */,
			);
			buildRules = (
			);
			dependencies = (
			);
			name = TrackItMomma;
			packageProductDependencies = (
				3161F3452808F47400770CD6 /* Realm */,
				3161F3472808F47400770CD6 /* RealmSwift */,
			);
			productName = TrackItMomma;
			productReference = 3161F3282808E9CD00770CD6 /* TrackItMomma.app */;
			productType = "com.apple.product-type.application";
		};
/* End PBXNativeTarget section */

/* Begin PBXProject section */
		3161F3202808E9CD00770CD6 /* Project object */ = {
			isa = PBXProject;
			attributes = {
				BuildIndependentTargetsInParallel = 1;
				LastSwiftUpdateCheck = 1320;
				LastUpgradeCheck = 1320;
				TargetAttributes = {
					3161F3272808E9CD00770CD6 = {
						CreatedOnToolsVersion = 13.2.1;
					};
				};
			};
			buildConfigurationList = 3161F3232808E9CD00770CD6 /* Build configuration list for PBXProject "TrackItMomma" */;
			compatibilityVersion = "Xcode 13.0";
			developmentRegion = en;
			hasScannedForEncodings = 0;
			knownRegions = (
				en,
				Base,
			);
			mainGroup = 3161F31F2808E9CD00770CD6;
			packageReferences = (
				3161F3442808F47400770CD6 /* XCRemoteSwiftPackageReference "realm-cocoa" */,
			);
			productRefGroup = 3161F3292808E9CD00770CD6 /* Products */;
			projectDirPath = "";
			projectRoot = "";
			targets = (
				3161F3272808E9CD00770CD6 /* TrackItMomma */,
			);
		};
/* End PBXProject section */

/* Begin PBXResourcesBuildPhase section */
		3161F3262808E9CD00770CD6 /* Resources */ = {
			isa = PBXResourcesBuildPhase;
			buildActionMask = 2147483647;
			files = (
				3161F3332808E9CE00770CD6 /* Preview Assets.xcassets in Resources */,
				3161F3302808E9CE00770CD6 /* Assets.xcassets in Resources */,
			);
			runOnlyForDeploymentPostprocessing = 0;
		};
/* End PBXResourcesBuildPhase section */

/* Begin PBXSourcesBuildPhase section */
		3161F3242808E9CD00770CD6 /* Sources */ = {
			isa = PBXSourcesBuildPhase;
			buildActionMask = 2147483647;
			files = (
				3161F32E2808E9CD00770CD6 /* ContentView.swift in Sources */,
				3161F34B2808F48F00770CD6 /* RealmManager.swift in Sources */,
				3161F33A2808EA9000770CD6 /* MenuView.swift in Sources */,
				3161F34D2808F4B400770CD6 /* Times.swift in Sources */,
				3161F33F2808F2C300770CD6 /* PTimeView.swift in Sources */,
				3161F33C2808F1F800770CD6 /* PumpView.swift in Sources */,
				3161F3412808F3D400770CD6 /* PTimeRow.swift in Sources */,
				3161F3432808F42400770CD6 /* MinutesPumpedSection.swift in Sources */,
				3161F32C2808E9CD00770CD6 /* TrackItMommaApp.swift in Sources */,
			);
			runOnlyForDeploymentPostprocessing = 0;
		};
/* End PBXSourcesBuildPhase section */

/* Begin XCBuildConfiguration section */
		3161F3342808E9CE00770CD6 /* Debug */ = {
			isa = XCBuildConfiguration;
			buildSettings = {
				ALWAYS_SEARCH_USER_PATHS = NO;
				CLANG_ANALYZER_NONNULL = YES;
				CLANG_ANALYZER_NUMBER_OBJECT_CONVERSION = YES_AGGRESSIVE;
				CLANG_CXX_LANGUAGE_STANDARD = "gnu++17";
				CLANG_CXX_LIBRARY = "libc++";
				CLANG_ENABLE_MODULES = YES;
				CLANG_ENABLE_OBJC_ARC = YES;
				CLANG_ENABLE_OBJC_WEAK = YES;
				CLANG_WARN_BLOCK_CAPTURE_AUTORELEASING = YES;
				CLANG_WARN_BOOL_CONVERSION = YES;
				CLANG_WARN_COMMA = YES;
				CLANG_WARN_CONSTANT_CONVERSION = YES;
				CLANG_WARN_DEPRECATED_OBJC_IMPLEMENTATIONS = YES;
				CLANG_WARN_DIRECT_OBJC_ISA_USAGE = YES_ERROR;
				CLANG_WARN_DOCUMENTATION_COMMENTS = YES;
				CLANG_WARN_EMPTY_BODY = YES;
				CLANG_WARN_ENUM_CONVERSION = YES;
				CLANG_WARN_INFINITE_RECURSION = YES;
				CLANG_WARN_INT_CONVERSION = YES;
				CLANG_WARN_NON_LITERAL_NULL_CONVERSION = YES;
				CLANG_WARN_OBJC_IMPLICIT_RETAIN_SELF = YES;
				CLANG_WARN_OBJC_LITERAL_CONVERSION = YES;
				CLANG_WARN_OBJC_ROOT_CLASS = YES_ERROR;
				CLANG_WARN_QUOTED_INCLUDE_IN_FRAMEWORK_HEADER = YES;
				CLANG_WARN_RANGE_LOOP_ANALYSIS = YES;
				CLANG_WARN_STRICT_PROTOTYPES = YES;
				CLANG_WARN_SUSPICIOUS_MOVE = YES;
				CLANG_WARN_UNGUARDED_AVAILABILITY = YES_AGGRESSIVE;
				CLANG_WARN_UNREACHABLE_CODE = YES;
				CLANG_WARN__DUPLICATE_METHOD_MATCH = YES;
				COPY_PHASE_STRIP = NO;
				DEBUG_INFORMATION_FORMAT = dwarf;
				ENABLE_STRICT_OBJC_MSGSEND = YES;
				ENABLE_TESTABILITY = YES;
				GCC_C_LANGUAGE_STANDARD = gnu11;
				GCC_DYNAMIC_NO_PIC = NO;
				GCC_NO_COMMON_BLOCKS = YES;
				GCC_OPTIMIZATION_LEVEL = 0;
				GCC_PREPROCESSOR_DEFINITIONS = (
					"DEBUG=1",
					"$(inherited)",
				);
				GCC_WARN_64_TO_32_BIT_CONVERSION = YES;
				GCC_WARN_ABOUT_RETURN_TYPE = YES_ERROR;
				GCC_WARN_UNDECLARED_SELECTOR = YES;
				GCC_WARN_UNINITIALIZED_AUTOS = YES_AGGRESSIVE;
				GCC_WARN_UNUSED_FUNCTION = YES;
				GCC_WARN_UNUSED_VARIABLE = YES;
				IPHONEOS_DEPLOYMENT_TARGET = 15.2;
				MTL_ENABLE_DEBUG_INFO = INCLUDE_SOURCE;
				MTL_FAST_MATH = YES;
				ONLY_ACTIVE_ARCH = YES;
				SDKROOT = iphoneos;
				SWIFT_ACTIVE_COMPILATION_CONDITIONS = DEBUG;
				SWIFT_OPTIMIZATION_LEVEL = "-Onone";
			};
			name = Debug;
		};
		3161F3352808E9CE00770CD6 /* Release */ = {
			isa = XCBuildConfiguration;
			buildSettings = {
				ALWAYS_SEARCH_USER_PATHS = NO;
				CLANG_ANALYZER_NONNULL = YES;
				CLANG_ANALYZER_NUMBER_OBJECT_CONVERSION = YES_AGGRESSIVE;
				CLANG_CXX_LANGUAGE_STANDARD = "gnu++17";
				CLANG_CXX_LIBRARY = "libc++";
				CLANG_ENABLE_MODULES = YES;
				CLANG_ENABLE_OBJC_ARC = YES;
				CLANG_ENABLE_OBJC_WEAK = YES;
				CLANG_WARN_BLOCK_CAPTURE_AUTORELEASING = YES;
				CLANG_WARN_BOOL_CONVERSION = YES;
				CLANG_WARN_COMMA = YES;
				CLANG_WARN_CONSTANT_CONVERSION = YES;
				CLANG_WARN_DEPRECATED_OBJC_IMPLEMENTATIONS = YES;
				CLANG_WARN_DIRECT_OBJC_ISA_USAGE = YES_ERROR;
				CLANG_WARN_DOCUMENTATION_COMMENTS = YES;
				CLANG_WARN_EMPTY_BODY = YES;
				CLANG_WARN_ENUM_CONVERSION = YES;
				CLANG_WARN_INFINITE_RECURSION = YES;
				CLANG_WARN_INT_CONVERSION = YES;
				CLANG_WARN_NON_LITERAL_NULL_CONVERSION = YES;
				CLANG_WARN_OBJC_IMPLICIT_RETAIN_SELF = YES;
				CLANG_WARN_OBJC_LITERAL_CONVERSION = YES;
				CLANG_WARN_OBJC_ROOT_CLASS = YES_ERROR;
				CLANG_WARN_QUOTED_INCLUDE_IN_FRAMEWORK_HEADER = YES;
				CLANG_WARN_RANGE_LOOP_ANALYSIS = YES;
				CLANG_WARN_STRICT_PROTOTYPES = YES;
				CLANG_WARN_SUSPICIOUS_MOVE = YES;
				CLANG_WARN_UNGUARDED_AVAILABILITY = YES_AGGRESSIVE;
				CLANG_WARN_UNREACHABLE_CODE = YES;
				CLANG_WARN__DUPLICATE_METHOD_MATCH = YES;
				COPY_PHASE_STRIP = NO;
				DEBUG_INFORMATION_FORMAT = "dwarf-with-dsym";
				ENABLE_NS_ASSERTIONS = NO;
				ENABLE_STRICT_OBJC_MSGSEND = YES;
				GCC_C_LANGUAGE_STANDARD = gnu11;
				GCC_NO_COMMON_BLOCKS = YES;
				GCC_WARN_64_TO_32_BIT_CONVERSION = YES;
				GCC_WARN_ABOUT_RETURN_TYPE = YES_ERROR;
				GCC_WARN_UNDECLARED_SELECTOR = YES;
				GCC_WARN_UNINITIALIZED_AUTOS = YES_AGGRESSIVE;
				GCC_WARN_UNUSED_FUNCTION = YES;
				GCC_WARN_UNUSED_VARIABLE = YES;
				IPHONEOS_DEPLOYMENT_TARGET = 15.2;
				MTL_ENABLE_DEBUG_INFO = NO;
				MTL_FAST_MATH = YES;
				SDKROOT = iphoneos;
				SWIFT_COMPILATION_MODE = wholemodule;
				SWIFT_OPTIMIZATION_LEVEL = "-O";
				VALIDATE_PRODUCT = YES;
			};
			name = Release;
		};
		3161F3372808E9CE00770CD6 /* Debug */ = {
			isa = XCBuildConfiguration;
			buildSettings = {
				ASSETCATALOG_COMPILER_APPICON_NAME = AppIcon;
				ASSETCATALOG_COMPILER_GLOBAL_ACCENT_COLOR_NAME = AccentColor;
				CODE_SIGN_STYLE = Automatic;
				CURRENT_PROJECT_VERSION = 1;
				DEVELOPMENT_ASSET_PATHS = "\"TrackItMomma/Preview Content\"";
				DEVELOPMENT_TEAM = 7HSG94ANS5;
				ENABLE_PREVIEWS = YES;
				GENERATE_INFOPLIST_FILE = YES;
				INFOPLIST_KEY_UIApplicationSceneManifest_Generation = YES;
				INFOPLIST_KEY_UIApplicationSupportsIndirectInputEvents = YES;
				INFOPLIST_KEY_UILaunchScreen_Generation = YES;
				INFOPLIST_KEY_UISupportedInterfaceOrientations_iPad = "UIInterfaceOrientationPortrait UIInterfaceOrientationPortraitUpsideDown UIInterfaceOrientationLandscapeLeft UIInterfaceOrientationLandscapeRight";
				INFOPLIST_KEY_UISupportedInterfaceOrientations_iPhone = "UIInterfaceOrientationPortrait UIInterfaceOrientationLandscapeLeft UIInterfaceOrientationLandscapeRight";
				LD_RUNPATH_SEARCH_PATHS = (
					"$(inherited)",
					"@executable_path/Frameworks",
				);
				MARKETING_VERSION = 1.0;
				PRODUCT_BUNDLE_IDENTIFIER = com.URChurch.TrackItMomma;
				PRODUCT_NAME = "$(TARGET_NAME)";
				SWIFT_EMIT_LOC_STRINGS = YES;
				SWIFT_VERSION = 5.0;
				TARGETED_DEVICE_FAMILY = "1,2";
			};
			name = Debug;
		};
		3161F3382808E9CE00770CD6 /* Release */ = {
			isa = XCBuildConfiguration;
			buildSettings = {
				ASSETCATALOG_COMPILER_APPICON_NAME = AppIcon;
				ASSETCATALOG_COMPILER_GLOBAL_ACCENT_COLOR_NAME = AccentColor;
				CODE_SIGN_STYLE = Automatic;
				CURRENT_PROJECT_VERSION = 1;
				DEVELOPMENT_ASSET_PATHS = "\"TrackItMomma/Preview Content\"";
				DEVELOPMENT_TEAM = 7HSG94ANS5;
				ENABLE_PREVIEWS = YES;
				GENERATE_INFOPLIST_FILE = YES;
				INFOPLIST_KEY_UIApplicationSceneManifest_Generation = YES;
				INFOPLIST_KEY_UIApplicationSupportsIndirectInputEvents = YES;
				INFOPLIST_KEY_UILaunchScreen_Generation = YES;
				INFOPLIST_KEY_UISupportedInterfaceOrientations_iPad = "UIInterfaceOrientationPortrait UIInterfaceOrientationPortraitUpsideDown UIInterfaceOrientationLandscapeLeft UIInterfaceOrientationLandscapeRight";
				INFOPLIST_KEY_UISupportedInterfaceOrientations_iPhone = "UIInterfaceOrientationPortrait UIInterfaceOrientationLandscapeLeft UIInterfaceOrientationLandscapeRight";
				LD_RUNPATH_SEARCH_PATHS = (
					"$(inherited)",
					"@executable_path/Frameworks",
				);
				MARKETING_VERSION = 1.0;
				PRODUCT_BUNDLE_IDENTIFIER = com.URChurch.TrackItMomma;
				PRODUCT_NAME = "$(TARGET_NAME)";
				SWIFT_EMIT_LOC_STRINGS = YES;
				SWIFT_VERSION = 5.0;
				TARGETED_DEVICE_FAMILY = "1,2";
			};
			name = Release;
		};
/* End XCBuildConfiguration section */

/* Begin XCConfigurationList section */
		3161F3232808E9CD00770CD6 /* Build configuration list for PBXProject "TrackItMomma" */ = {
			isa = XCConfigurationList;
			buildConfigurations = (
				3161F3342808E9CE00770CD6 /* Debug */,
				3161F3352808E9CE00770CD6 /* Release */,
			);
			defaultConfigurationIsVisible = 0;
			defaultConfigurationName = Release;
		};
		3161F3362808E9CE00770CD6 /* Build configuration list for PBXNativeTarget "TrackItMomma" */ = {
			isa = XCConfigurationList;
			buildConfigurations = (
				3161F3372808E9CE00770CD6 /* Debug */,
				3161F3382808E9CE00770CD6 /* Release */,
			);
			defaultConfigurationIsVisible = 0;
			defaultConfigurationName = Release;
		};
/* End XCConfigurationList section */

/* Begin XCRemoteSwiftPackageReference section */
		3161F3442808F47400770CD6 /* XCRemoteSwiftPackageReference "realm-cocoa" */ = {
			isa = XCRemoteSwiftPackageReference;
			repositoryURL = "https://github.com/realm/realm-cocoa";
			requirement = {
				branch = master;
				kind = branch;
			};
		};
/* End XCRemoteSwiftPackageReference section */

/* Begin XCSwiftPackageProductDependency section */
		3161F3452808F47400770CD6 /* Realm */ = {
			isa = XCSwiftPackageProductDependency;
			package = 3161F3442808F47400770CD6 /* XCRemoteSwiftPackageReference "realm-cocoa" */;
			productName = Realm;
		};
		3161F3472808F47400770CD6 /* RealmSwift */ = {
			isa = XCSwiftPackageProductDependency;
			package = 3161F3442808F47400770CD6 /* XCRemoteSwiftPackageReference "realm-cocoa" */;
			productName = RealmSwift;
		};
/* End XCSwiftPackageProductDependency section */
	};
	rootObject = 3161F3202808E9CD00770CD6 /* Project object */;
}
